{
  "nodes": {
    "aagl": {
      "inputs": {
        "flake-compat": "flake-compat",
        "nixpkgs": [
          "nixpkgs"
        ]
      },
      "locked": {
        "lastModified": 1750597708,
        "narHash": "sha256-jpoh3tk4F4C0MZsXYqFt1fqm4qYOcyu3RtJlmpabpDo=",
        "owner": "ezKEa",
        "repo": "aagl-gtk-on-nix",
        "rev": "5e4851010e05030553f2265ced86b155dfe0bb93",
        "type": "github"
      },
      "original": {
        "owner": "ezKEa",
        "ref": "release-25.05",
        "repo": "aagl-gtk-on-nix",
        "type": "github"
      }
    },
    "blog": {
      "flake": false,
      "locked": {
        "lastModified": 1748787595,
        "lfs": true,
        "narHash": "sha256-FFkwHb9DEdBjBaaH6JuhlmpP7ReSEWTy79P3i/eH708=",
        "ref": "refs/heads/public",
        "rev": "d9020a59f07f7ced60c854f324df8879b249e8b6",
        "revCount": 32,
        "type": "git",
        "url": "https://git.chn.moe/chn/blog-public.git"
      },
      "original": {
        "lfs": true,
        "type": "git",
        "url": "https://git.chn.moe/chn/blog-public.git"
      }
    },
    "bscpkgs": {
      "inputs": {
        "nixpkgs": [
          "nixpkgs"
        ]
      },
      "locked": {
        "lastModified": 1748433430,
        "narHash": "sha256-rTmarmlP4SplEBAD+RM0kD5cB1F5g93H8ooSodxl8XE=",
        "owner": "CHN-beta",
        "repo": "bscpkgs",
        "rev": "bd7d5b02b59c4807e551a43f43489f79206e326a",
        "type": "github"
      },
      "original": {
        "owner": "CHN-beta",
        "repo": "bscpkgs",
        "type": "github"
      }
    },
    "buildproxy": {
      "inputs": {
        "nixpkgs": [
          "nixpkgs"
        ]
      },
      "locked": {
        "lastModified": 1709212359,
        "narHash": "sha256-La70ax79Hrp/Vz2G3gzI4fLgRd2z3lJrYLvCf+xcTj4=",
        "owner": "polygon",
        "repo": "nix-buildproxy",
        "rev": "c26d73992ddae96812501b5ae1cc45037d8b10be",
        "type": "github"
      },
      "original": {
        "owner": "polygon",
        "repo": "nix-buildproxy",
        "type": "github"
      }
    },
    "catppuccin": {
      "inputs": {
        "nixpkgs": [
          "nixpkgs"
        ]
      },
      "locked": {
        "lastModified": 1748080874,
        "narHash": "sha256-sUebEzAkrY8Aq5G0GHFyRddmRNGP/a2iTtV7ISNvi/c=",
        "owner": "catppuccin",
        "repo": "nix",
        "rev": "0ba11b12be81f0849a89ed17ab635164ea8f0112",
        "type": "github"
      },
      "original": {
        "owner": "catppuccin",
        "repo": "nix",
        "type": "github"
      }
    },
    "concurrencpp": {
      "flake": false,
      "locked": {
        "lastModified": 1689417705,
        "narHash": "sha256-4qT29YVjKEWcMrI5R5Ps8aD4grAAgz5VOxANjpp1oTo=",
        "owner": "David-Haim",
        "repo": "concurrencpp",
        "rev": "7a88f5401e15e1b64acae70077e40df1a5a9f6bf",
        "type": "github"
      },
      "original": {
        "owner": "David-Haim",
        "repo": "concurrencpp",
        "type": "github"
      }
    },
    "cppcoro": {
      "flake": false,
      "locked": {
        "lastModified": 1609835084,
        "narHash": "sha256-luBkf1x5kqXaVbQM01yWRmA5QvrQNZkFVCjRctJdnXc=",
        "owner": "Garcia6l20",
        "repo": "cppcoro",
        "rev": "e1d53e620b0eee828915ada179cd7ca8e66ca855",
        "type": "github"
      },
      "original": {
        "owner": "Garcia6l20",
        "repo": "cppcoro",
        "type": "github"
      }
    },
    "date": {
      "flake": false,
      "locked": {
        "lastModified": 1742576835,
        "narHash": "sha256-Mq7Yd+y8M3JNG9BEScwVEmxGWYEy6gaNNSlTGgR9LB4=",
        "owner": "HowardHinnant",
        "repo": "date",
        "rev": "a45ea7c17b4a7f320e199b71436074bd624c9e15",
        "type": "github"
      },
      "original": {
        "owner": "HowardHinnant",
        "repo": "date",
        "type": "github"
      }
    },
    "devshell": {
      "inputs": {
        "nixpkgs": [
          "nur-linyinfeng",
          "nixpkgs"
        ]
      },
      "locked": {
        "lastModified": 1741473158,
        "narHash": "sha256-kWNaq6wQUbUMlPgw8Y+9/9wP0F8SHkjy24/mN3UAppg=",
        "owner": "numtide",
        "repo": "devshell",
        "rev": "7c9e793ebe66bcba8292989a68c0419b737a22a0",
        "type": "github"
      },
      "original": {
        "owner": "numtide",
        "repo": "devshell",
        "type": "github"
      }
    },
    "devshell_2": {
      "inputs": {
        "nixpkgs": [
          "nur-xddxdd",
          "nixpkgs"
        ]
      },
      "locked": {
        "lastModified": 1741473158,
        "narHash": "sha256-kWNaq6wQUbUMlPgw8Y+9/9wP0F8SHkjy24/mN3UAppg=",
        "owner": "numtide",
        "repo": "devshell",
        "rev": "7c9e793ebe66bcba8292989a68c0419b737a22a0",
        "type": "github"
      },
      "original": {
        "owner": "numtide",
        "repo": "devshell",
        "type": "github"
      }
    },
    "fancy-motd": {
      "flake": false,
      "locked": {
        "lastModified": 1746921997,
        "narHash": "sha256-QLhlBmyAcsyZmixd187owQ3Y8kNOfaSqhnAE9vtEr68=",
        "owner": "CHN-beta",
        "repo": "fancy-motd",
        "rev": "25f9868b43db9a3815f94ce27c417bffc9e5644d",
        "type": "github"
      },
      "original": {
        "owner": "CHN-beta",
        "repo": "fancy-motd",
        "type": "github"
      }
    },
    "flake-compat": {
      "flake": false,
      "locked": {
        "lastModified": 1733328505,
        "narHash": "sha256-NeCCThCEP3eCl2l/+27kNNK7QrwZB1IJCrXfrbv5oqU=",
        "owner": "edolstra",
        "repo": "flake-compat",
        "rev": "ff81ac966bb2cae68946d5ed5fc4994f96d0ffec",
        "type": "github"
      },
      "original": {
        "owner": "edolstra",
        "repo": "flake-compat",
        "type": "github"
      }
    },
    "flake-compat_2": {
      "flake": false,
      "locked": {
        "lastModified": 1747046372,
        "narHash": "sha256-CIVLLkVgvHYbgI2UpXvIIBJ12HWgX+fjA8Xf8PUmqCY=",
        "owner": "edolstra",
        "repo": "flake-compat",
        "rev": "9100a0f413b0c601e0533d1d94ffd501ce2e7885",
        "type": "github"
      },
      "original": {
        "owner": "edolstra",
        "repo": "flake-compat",
        "type": "github"
      }
    },
    "flake-compat_3": {
      "flake": false,
      "locked": {
        "lastModified": 1696426674,
        "narHash": "sha256-kvjfFW7WAETZlt09AgDn1MrtKzP7t90Vf7vypd3OL1U=",
        "owner": "edolstra",
        "repo": "flake-compat",
        "rev": "0f9255e01c2351cc7d116c072cb317785dd33b33",
        "type": "github"
      },
      "original": {
        "owner": "edolstra",
        "repo": "flake-compat",
        "type": "github"
      }
    },
    "flake-compat_4": {
      "flake": false,
      "locked": {
        "lastModified": 1696426674,
        "narHash": "sha256-kvjfFW7WAETZlt09AgDn1MrtKzP7t90Vf7vypd3OL1U=",
        "owner": "edolstra",
        "repo": "flake-compat",
        "rev": "0f9255e01c2351cc7d116c072cb317785dd33b33",
        "type": "github"
      },
      "original": {
        "owner": "edolstra",
        "repo": "flake-compat",
        "type": "github"
      }
    },
    "flake-compat_5": {
      "locked": {
        "lastModified": 1696426674,
        "narHash": "sha256-kvjfFW7WAETZlt09AgDn1MrtKzP7t90Vf7vypd3OL1U=",
        "rev": "0f9255e01c2351cc7d116c072cb317785dd33b33",
        "revCount": 57,
        "type": "tarball",
        "url": "https://api.flakehub.com/f/pinned/edolstra/flake-compat/1.0.1/018afb31-abd1-7bff-a5e4-cff7e18efb7a/source.tar.gz"
      },
      "original": {
        "type": "tarball",
        "url": "https://flakehub.com/f/edolstra/flake-compat/1.tar.gz"
      }
    },
    "flake-parts": {
      "inputs": {
        "nixpkgs-lib": [
          "nur-linyinfeng",
          "nixpkgs"
        ]
      },
      "locked": {
        "lastModified": 1749398372,
        "narHash": "sha256-tYBdgS56eXYaWVW3fsnPQ/nFlgWi/Z2Ymhyu21zVM98=",
        "owner": "hercules-ci",
        "repo": "flake-parts",
        "rev": "9305fe4e5c2a6fcf5ba6a3ff155720fbe4076569",
        "type": "github"
      },
      "original": {
        "owner": "hercules-ci",
        "repo": "flake-parts",
        "type": "github"
      }
    },
    "flake-parts_2": {
      "inputs": {
        "nixpkgs-lib": "nixpkgs-lib"
      },
      "locked": {
        "lastModified": 1743550720,
        "narHash": "sha256-hIshGgKZCgWh6AYJpJmRgFdR3WUbkY04o82X05xqQiY=",
        "owner": "hercules-ci",
        "repo": "flake-parts",
        "rev": "c621e8422220273271f52058f618c94e405bb0f5",
        "type": "github"
      },
      "original": {
        "owner": "hercules-ci",
        "repo": "flake-parts",
        "type": "github"
      }
    },
    "flake-utils": {
      "inputs": {
        "systems": "systems"
      },
      "locked": {
        "lastModified": 1731533236,
        "narHash": "sha256-l0KFg5HjrsfsO/JpG+r7fRrqm12kzFHyUHqHCVpMMbI=",
        "owner": "numtide",
        "repo": "flake-utils",
        "rev": "11707dc2f618dd54ca8739b309ec4fc024de578b",
        "type": "github"
      },
      "original": {
        "owner": "numtide",
        "repo": "flake-utils",
        "type": "github"
      }
    },
    "flake-utils_2": {
      "inputs": {
        "systems": "systems_2"
      },
      "locked": {
        "lastModified": 1731533236,
        "narHash": "sha256-l0KFg5HjrsfsO/JpG+r7fRrqm12kzFHyUHqHCVpMMbI=",
        "owner": "numtide",
        "repo": "flake-utils",
        "rev": "11707dc2f618dd54ca8739b309ec4fc024de578b",
        "type": "github"
      },
      "original": {
        "owner": "numtide",
        "repo": "flake-utils",
        "type": "github"
      }
    },
    "flake-utils_3": {
      "inputs": {
        "systems": "systems_3"
      },
      "locked": {
        "lastModified": 1731533236,
        "narHash": "sha256-l0KFg5HjrsfsO/JpG+r7fRrqm12kzFHyUHqHCVpMMbI=",
        "owner": "numtide",
        "repo": "flake-utils",
        "rev": "11707dc2f618dd54ca8739b309ec4fc024de578b",
        "type": "github"
      },
      "original": {
        "owner": "numtide",
        "repo": "flake-utils",
        "type": "github"
      }
    },
    "flake-utils_4": {
      "inputs": {
        "systems": "systems_4"
      },
      "locked": {
        "lastModified": 1710146030,
        "narHash": "sha256-SZ5L6eA7HJ/nmkzGG7/ISclqe6oZdOZTNoesiInkXPQ=",
        "owner": "numtide",
        "repo": "flake-utils",
        "rev": "b1d9ab70662946ef0850d488da1c9019f3a9752a",
        "type": "github"
      },
      "original": {
        "owner": "numtide",
        "repo": "flake-utils",
        "type": "github"
      }
    },
    "gitignore": {
      "inputs": {
        "nixpkgs": [
          "nur-xddxdd",
          "pre-commit-hooks-nix",
          "nixpkgs"
        ]
      },
      "locked": {
        "lastModified": 1709087332,
        "narHash": "sha256-HG2cCnktfHsKV0s4XW83gU3F57gaTljL9KNSuG6bnQs=",
        "owner": "hercules-ci",
        "repo": "gitignore.nix",
        "rev": "637db329424fd7e46cf4185293b9cc8c88c95394",
        "type": "github"
      },
      "original": {
        "owner": "hercules-ci",
        "repo": "gitignore.nix",
        "type": "github"
      }
    },
    "hextra": {
      "flake": false,
      "locked": {
        "lastModified": 1747959805,
        "narHash": "sha256-iQLtU9JZWw67VUbxE9WTIy3fPDOJPO9i7DDOW9PzF30=",
        "owner": "imfing",
        "repo": "hextra",
        "rev": "72c383ef5c25e8c224c9a6f7c659740eddbde950",
        "type": "github"
      },
      "original": {
        "owner": "imfing",
        "repo": "hextra",
        "type": "github"
      }
    },
    "home-manager": {
      "inputs": {
        "nixpkgs": [
          "nixpkgs"
        ]
      },
      "locked": {
        "lastModified": 1747563471,
        "narHash": "sha256-NfsMVrftxBAHbqBns9Z5pInfwmwzBXgVS720qiRt4pw=",
        "owner": "CHN-beta",
        "repo": "home-manager",
        "rev": "501ca0e2eaf28fefae5bb41110a38f7e7d138be3",
        "type": "github"
      },
      "original": {
        "owner": "CHN-beta",
        "ref": "release-25.05",
        "repo": "home-manager",
        "type": "github"
      }
    },
    "impermanence": {
      "locked": {
        "lastModified": 1746921356,
        "narHash": "sha256-6tfeL12wOIhzvV0+G1JDBtIc3sHLEdX1qES3QFoNs2o=",
        "owner": "CHN-beta",
        "repo": "impermanence",
        "rev": "c6f8fade54e92eef4c36b6a0b22ef19ef35ab203",
        "type": "github"
      },
      "original": {
        "owner": "CHN-beta",
        "repo": "impermanence",
        "type": "github"
      }
    },
    "jovian": {
      "inputs": {
        "nix-github-actions": "nix-github-actions",
        "nixpkgs": [
          "nixpkgs"
        ]
      },
      "locked": {
        "lastModified": 1754569749,
        "narHash": "sha256-MxTJFjO+KgmTWSDAsXLt4Al8tIl5F0grF6IKee+bDdA=",
        "owner": "CHN-beta",
        "repo": "Jovian-NixOS",
        "rev": "e889cad7f0198266f634161b8d88ac1ff42844ab",
        "type": "github"
      },
      "original": {
        "owner": "CHN-beta",
        "repo": "Jovian-NixOS",
        "type": "github"
      }
    },
    "lepton": {
      "flake": false,
      "locked": {
        "lastModified": 1746995100,
        "narHash": "sha256-2/hTy4QED2qLaMEz2gYS9IQqFf4AZACorh/8Wb2NZwA=",
        "owner": "black7375",
        "repo": "Firefox-UI-Fix",
        "rev": "392556235f1ec732effd4808cf5fd29478f3ec00",
        "type": "github"
      },
      "original": {
        "owner": "black7375",
        "repo": "Firefox-UI-Fix",
        "type": "github"
      }
    },
    "mac-style": {
      "flake": false,
      "locked": {
        "lastModified": 1717900224,
        "narHash": "sha256-tYB4fJ87UnYczaW8/w32cBzbwCw1+IDHp8BnHSyqNNg=",
        "owner": "SergioRibera",
        "repo": "s4rchiso-plymouth-theme",
        "rev": "856bf3b7d239f995e4e9dde8458b9823cf0e96e4",
        "type": "github"
      },
      "original": {
        "owner": "SergioRibera",
        "repo": "s4rchiso-plymouth-theme",
        "type": "github"
      }
    },
    "matplotplusplus": {
      "flake": false,
      "locked": {
        "lastModified": 1739795691,
        "narHash": "sha256-pJoWvmXyZZjZM6VHKV7mSBegbZH3dslaJFalTa3oQPY=",
        "owner": "alandefreitas",
        "repo": "matplotplusplus",
        "rev": "5d01eb3695b07634a2b6642fd423740dea9b026c",
        "type": "github"
      },
      "original": {
        "owner": "alandefreitas",
        "repo": "matplotplusplus",
        "type": "github"
      }
    },
    "misskey": {
      "flake": false,
      "locked": {
        "lastModified": 1747793528,
        "narHash": "sha256-TGEbAssYLZUy4wTv7ygEjMv5Uvo7v1u3OVtnLTPfeno=",
        "ref": "refs/heads/chn-mod",
        "rev": "25e9730a919717f1f7cc4f83b1fdbcc2b03a40bf",
        "revCount": 27234,
        "submodules": true,
        "type": "git",
        "url": "https://github.com/CHN-beta/misskey"
      },
      "original": {
        "submodules": true,
        "type": "git",
        "url": "https://github.com/CHN-beta/misskey"
      }
    },
    "mumax": {
      "flake": false,
      "locked": {
        "lastModified": 1746921784,
        "narHash": "sha256-eJJeQn0lmLUWk63c6mZ9356Jtn7VQDvq4HHPgL/QD1U=",
        "owner": "CHN-beta",
        "repo": "mumax",
        "rev": "89ab74064981ff5bf52886a40f96c355a9d0ea3e",
        "type": "github"
      },
      "original": {
        "owner": "CHN-beta",
        "repo": "mumax",
        "type": "github"
      }
    },
    "nameof": {
      "flake": false,
      "locked": {
        "lastModified": 1728909525,
        "narHash": "sha256-b9QNM9jp5Vs4PN+Twjh1fGfNFCaZn54SGv4PDAcE3ho=",
        "owner": "Neargye",
        "repo": "nameof",
        "rev": "6c8e87da57a22939b412f11dcf1acbde898ecf46",
        "type": "github"
      },
      "original": {
        "owner": "Neargye",
        "repo": "nameof",
        "type": "github"
      }
    },
    "nc4nix": {
      "flake": false,
      "locked": {
        "lastModified": 1743386677,
        "narHash": "sha256-QzYHmAlhzBag5UDW39bn8kEWbdB7Ala69Dcrq/Xhu+M=",
        "owner": "helsinki-systems",
        "repo": "nc4nix",
        "rev": "89b29ff991dfaf72240a12963502d9efeb4e69f8",
        "type": "github"
      },
      "original": {
        "owner": "helsinki-systems",
        "repo": "nc4nix",
        "type": "github"
      }
    },
    "niri": {
      "inputs": {
        "niri-stable": "niri-stable",
        "niri-unstable": "niri-unstable",
        "nixpkgs": "nixpkgs",
        "nixpkgs-stable": "nixpkgs-stable",
        "xwayland-satellite-stable": "xwayland-satellite-stable",
        "xwayland-satellite-unstable": "xwayland-satellite-unstable"
      },
      "locked": {
        "lastModified": 1752569955,
        "narHash": "sha256-a21pjNhJYJ+OTQmBJ3NluU65PvMb54/mA7aEWJh5s/4=",
        "owner": "sodiboo",
        "repo": "niri-flake",
        "rev": "8fc18813bf6ceaabb3063050819a20807e11279b",
        "type": "github"
      },
      "original": {
        "owner": "sodiboo",
        "repo": "niri-flake",
        "type": "github"
      }
    },
    "niri-stable": {
      "flake": false,
      "locked": {
        "lastModified": 1748151941,
        "narHash": "sha256-z4viQZLgC2bIJ3VrzQnR+q2F3gAOEQpU1H5xHtX/2fs=",
        "owner": "YaLTeR",
        "repo": "niri",
        "rev": "8ba57fcf25d2fc9565131684a839d58703f1dae7",
        "type": "github"
      },
      "original": {
        "owner": "YaLTeR",
        "ref": "v25.05.1",
        "repo": "niri",
        "type": "github"
      }
    },
    "niri-unstable": {
      "flake": false,
      "locked": {
        "lastModified": 1752565554,
        "narHash": "sha256-BLLMN6oOarMdIm59AX8uypaXZHBhGfd6L3VURfqQTX8=",
        "owner": "YaLTeR",
        "repo": "niri",
        "rev": "007d35541db1bae32b7b43891af88831325ba068",
        "type": "github"
      },
      "original": {
        "owner": "YaLTeR",
        "repo": "niri",
        "type": "github"
      }
    },
    "nix-flatpak": {
      "locked": {
        "lastModified": 1749394952,
        "narHash": "sha256-WbWkzIvB0gqAdBLghdmUpGveY7MlAS2iMj3VEJnJ9yE=",
        "owner": "gmodena",
        "repo": "nix-flatpak",
        "rev": "64c6e53a3999957c19ab95cda78bde466d8374cc",
        "type": "github"
      },
      "original": {
        "owner": "gmodena",
        "repo": "nix-flatpak",
        "type": "github"
      }
    },
    "nix-github-actions": {
      "inputs": {
        "nixpkgs": [
          "jovian",
          "nixpkgs"
        ]
      },
      "locked": {
        "lastModified": 1729697500,
        "narHash": "sha256-VFTWrbzDlZyFHHb1AlKRiD/qqCJIripXKiCSFS8fAOY=",
        "owner": "zhaofengli",
        "repo": "nix-github-actions",
        "rev": "e418aeb728b6aa5ca8c5c71974e7159c2df1d8cf",
        "type": "github"
      },
      "original": {
        "owner": "zhaofengli",
        "ref": "matrix-name",
        "repo": "nix-github-actions",
        "type": "github"
      }
    },
    "nix-index-database": {
      "inputs": {
        "nixpkgs": [
          "nixpkgs"
        ]
      },
      "locked": {
        "lastModified": 1747540584,
        "narHash": "sha256-cxCQ413JTUuRv9Ygd8DABJ1D6kuB/nTfQqC0Lu9C0ls=",
        "owner": "Mic92",
        "repo": "nix-index-database",
        "rev": "ec179dd13fb7b4c6844f55be91436f7857226dce",
        "type": "github"
      },
      "original": {
        "owner": "Mic92",
        "repo": "nix-index-database",
        "type": "github"
      }
    },
    "nix-index-database_2": {
      "inputs": {
        "nixpkgs": [
          "nur-xddxdd",
          "nixpkgs"
        ]
      },
      "locked": {
        "lastModified": 1747540584,
        "narHash": "sha256-cxCQ413JTUuRv9Ygd8DABJ1D6kuB/nTfQqC0Lu9C0ls=",
        "owner": "nix-community",
        "repo": "nix-index-database",
        "rev": "ec179dd13fb7b4c6844f55be91436f7857226dce",
        "type": "github"
      },
      "original": {
        "owner": "nix-community",
        "repo": "nix-index-database",
        "type": "github"
      }
    },
    "nix-vscode-extensions": {
      "inputs": {
        "flake-utils": "flake-utils",
        "nixpkgs": [
          "nixpkgs"
        ]
      },
      "locked": {
        "lastModified": 1747382874,
        "narHash": "sha256-VCFqktsjKsz5eJOCdX2mM3Uytbb7Et6MHshEpCpuWFk=",
        "owner": "nix-community",
        "repo": "nix-vscode-extensions",
        "rev": "4a7f92bdabb365936a8e8958948536cc2ceac7ba",
        "type": "github"
      },
      "original": {
        "owner": "nix-community",
        "ref": "4a7f92bdabb365936a8e8958948536cc2ceac7ba",
        "repo": "nix-vscode-extensions",
        "type": "github"
      }
    },
    "nixos-stable": {
      "locked": {
        "lastModified": 1750646418,
        "narHash": "sha256-4UAN+W0Lp4xnUiHYXUXAPX18t+bn6c4Btry2RqM9JHY=",
        "owner": "nixos",
        "repo": "nixpkgs",
        "rev": "1f426f65ac4e6bf808923eb6f8b8c2bfba3d18c5",
        "type": "github"
      },
      "original": {
        "owner": "nixos",
        "ref": "nixos-24.11",
        "repo": "nixpkgs",
        "type": "github"
      }
    },
    "nixos-wallpaper": {
      "flake": false,
      "locked": {
        "lastModified": 1749300029,
        "lfs": true,
        "narHash": "sha256-m5rQGDo9sogrNFtHNdf4CiUe4odqOVStj03ikUQX7NE=",
        "ref": "refs/heads/main",
        "rev": "8da808801224ac49758e4df095922be0c84650c8",
        "revCount": 8,
        "type": "git",
        "url": "https://git.chn.moe/chn/nixos-wallpaper.git"
      },
      "original": {
        "lfs": true,
        "type": "git",
        "url": "https://git.chn.moe/chn/nixos-wallpaper.git"
      }
    },
    "nixpkgs": {
      "locked": {
        "lastModified": 1752480373,
        "narHash": "sha256-JHQbm+OcGp32wAsXTE/FLYGNpb+4GLi5oTvCxwSoBOA=",
        "owner": "NixOS",
        "repo": "nixpkgs",
        "rev": "62e0f05ede1da0d54515d4ea8ce9c733f12d9f08",
        "type": "github"
      },
      "original": {
        "owner": "NixOS",
        "ref": "nixos-unstable",
        "repo": "nixpkgs",
        "type": "github"
      }
    },
    "nixpkgs-2305": {
      "locked": {
        "lastModified": 1701326464,
        "narHash": "sha256-WGt5wjvkzCgRVXCS7OHd6vyv2xX6RZDpZk5i/vxLc1U=",
        "owner": "CHN-beta",
        "repo": "nixpkgs",
        "rev": "76376edf425b9ddc8fb71d5cc4d3a3cb4f2486f6",
        "type": "github"
      },
      "original": {
        "owner": "CHN-beta",
        "ref": "nixos-23.05",
        "repo": "nixpkgs",
        "type": "github"
      }
    },
    "nixpkgs-2311": {
      "locked": {
        "lastModified": 1735377590,
        "narHash": "sha256-U9W9H/HYoaKa5wzSL2IBmnFDhxlesuKAcKi/hl5xPvE=",
        "owner": "CHN-beta",
        "repo": "nixpkgs",
        "rev": "0c3e74a65634ae3f43be7d0f6c3b5156ac54747b",
        "type": "github"
      },
      "original": {
        "owner": "CHN-beta",
        "ref": "nixos-23.11",
        "repo": "nixpkgs",
        "type": "github"
      }
    },
    "nixpkgs-2411": {
      "locked": {
        "lastModified": 1746924970,
        "narHash": "sha256-R7LF9fxLIoZdiQQeHVpNQj6lC59EZkAj4BvcOJsmkXw=",
        "owner": "CHN-beta",
        "repo": "nixpkgs",
        "rev": "f2db4d060c807151ad6c1717015c2da925527234",
        "type": "github"
      },
      "original": {
        "owner": "CHN-beta",
        "ref": "nixos-24.11",
        "repo": "nixpkgs",
        "type": "github"
      }
    },
    "nixpkgs-24_05": {
      "locked": {
        "lastModified": 1735563628,
        "narHash": "sha256-OnSAY7XDSx7CtDoqNh8jwVwh4xNL/2HaJxGjryLWzX8=",
        "owner": "NixOS",
        "repo": "nixpkgs",
        "rev": "b134951a4c9f3c995fd7be05f3243f8ecd65d798",
        "type": "github"
      },
      "original": {
        "owner": "NixOS",
        "ref": "nixos-24.05",
        "repo": "nixpkgs",
        "type": "github"
      }
    },
    "nixpkgs-lib": {
      "locked": {
        "lastModified": 1743296961,
        "narHash": "sha256-b1EdN3cULCqtorQ4QeWgLMrd5ZGOjLSLemfa00heasc=",
        "owner": "nix-community",
        "repo": "nixpkgs.lib",
        "rev": "e4822aea2a6d1cdd36653c134cacfd64c97ff4fa",
        "type": "github"
      },
      "original": {
        "owner": "nix-community",
        "repo": "nixpkgs.lib",
        "type": "github"
      }
    },
    "nixpkgs-stable": {
      "locked": {
        "lastModified": 1752308619,
        "narHash": "sha256-pzrVLKRQNPrii06Rm09Q0i0dq3wt2t2pciT/GNq5EZQ=",
        "owner": "NixOS",
        "repo": "nixpkgs",
        "rev": "650e572363c091045cdbc5b36b0f4c1f614d3058",
        "type": "github"
      },
      "original": {
        "owner": "NixOS",
        "ref": "nixos-25.05",
        "repo": "nixpkgs",
        "type": "github"
      }
    },
    "nixpkgs-unstable": {
      "locked": {
        "lastModified": 1752553852,
        "narHash": "sha256-LwWRsENAZJKUdD3SpLluwDmdXY9F45ZEgCb0X+xgOL0=",
        "owner": "CHN-beta",
        "repo": "nixpkgs",
        "rev": "72d2707fa09a82bae26845eadb136ce94fd96a3e",
        "type": "github"
      },
      "original": {
        "owner": "CHN-beta",
        "ref": "nixos-unstable",
        "repo": "nixpkgs",
        "type": "github"
      }
    },
    "nixpkgs_2": {
      "locked": {
        "lastModified": 1753842094,
        "narHash": "sha256-1IAtQ0itZjT07XyUNfHJ4r8nO4+036T6scVUFs1NEko=",
        "owner": "CHN-beta",
        "repo": "nixpkgs",
        "rev": "2ebe9e65f6f1223450f58bf0197fcbce3fb9bf0f",
        "type": "github"
      },
      "original": {
        "owner": "CHN-beta",
        "ref": "nixos-25.05",
        "repo": "nixpkgs",
        "type": "github"
      }
    },
    "nixvirt": {
      "inputs": {
        "nixpkgs": [
          "nixpkgs"
        ]
      },
      "locked": {
        "lastModified": 1748095155,
        "narHash": "sha256-GjxejdecX9d7eExfDhUU4lMBOKDvad85Lgv0ppIp5a4=",
        "owner": "CHN-beta",
        "repo": "NixVirt",
        "rev": "8bcc23e27a62297254d0e9c87281e650ff777132",
        "type": "github"
      },
      "original": {
        "owner": "CHN-beta",
        "repo": "NixVirt",
        "type": "github"
      }
    },
    "nu-scripts": {
      "flake": false,
      "locked": {
        "lastModified": 1747930190,
        "narHash": "sha256-/LoeL4BILPSOv3jnURcuuQhuRLdE0amBGnEOTB+LLgI=",
        "owner": "nushell",
        "repo": "nu_scripts",
        "rev": "765555beddc3c81555e6b70abb2542c37a1c0ad6",
        "type": "github"
      },
      "original": {
        "owner": "nushell",
        "repo": "nu_scripts",
        "type": "github"
      }
    },
    "nur-linyinfeng": {
      "inputs": {
        "devshell": "devshell",
        "flake-compat": "flake-compat_2",
        "flake-parts": "flake-parts",
        "flake-utils": "flake-utils_2",
        "nixos-stable": "nixos-stable",
        "nixpkgs": [
          "nixpkgs"
        ],
        "nvfetcher": "nvfetcher",
        "treefmt-nix": "treefmt-nix"
      },
      "locked": {
        "lastModified": 1751049834,
        "narHash": "sha256-xgLH6/ZtQJKWsham0Cj0nKGY8hde2fY8vZgSM5JfRik=",
        "owner": "linyinfeng",
        "repo": "nur-packages",
        "rev": "d7a4ee64345bae20e75f40d6f35c705d22c216d4",
        "type": "github"
      },
      "original": {
        "owner": "linyinfeng",
        "repo": "nur-packages",
        "type": "github"
      }
    },
    "nur-xddxdd": {
      "inputs": {
        "devshell": "devshell_2",
        "flake-parts": "flake-parts_2",
        "nix-index-database": "nix-index-database_2",
        "nixpkgs": [
          "nixpkgs"
        ],
        "nixpkgs-24_05": "nixpkgs-24_05",
        "nvfetcher": "nvfetcher_2",
        "pre-commit-hooks-nix": "pre-commit-hooks-nix",
        "treefmt-nix": "treefmt-nix_2"
      },
      "locked": {
        "lastModified": 1748081225,
        "narHash": "sha256-VSLlglGlw8rwQ3T11fYMKRk0x5DDCHESCVS7DY2GIEo=",
        "owner": "xddxdd",
        "repo": "nur-packages",
        "rev": "d9cf471493989cbdd2df369177ec7714a400c51f",
        "type": "github"
      },
      "original": {
        "owner": "xddxdd",
        "repo": "nur-packages",
        "type": "github"
      }
    },
    "nvfetcher": {
      "inputs": {
        "flake-compat": [
          "nur-linyinfeng",
          "flake-compat"
        ],
        "flake-utils": [
          "nur-linyinfeng",
          "flake-utils"
        ],
        "nixpkgs": [
          "nur-linyinfeng",
          "nixpkgs"
        ]
      },
      "locked": {
        "lastModified": 1732501185,
        "narHash": "sha256-Z0BpHelaGQsE5VD9hBsBHsvMU9h+Xt0kfkDJyFivZOU=",
        "owner": "berberman",
        "repo": "nvfetcher",
        "rev": "bdb14eab6fe9cefc29efe01e60c3a3f616d6b62a",
        "type": "github"
      },
      "original": {
        "owner": "berberman",
        "repo": "nvfetcher",
        "type": "github"
      }
    },
    "nvfetcher_2": {
      "inputs": {
        "flake-compat": "flake-compat_3",
        "flake-utils": "flake-utils_3",
        "nixpkgs": [
          "nur-xddxdd",
          "nixpkgs"
        ]
      },
      "locked": {
        "lastModified": 1732501185,
        "narHash": "sha256-Z0BpHelaGQsE5VD9hBsBHsvMU9h+Xt0kfkDJyFivZOU=",
        "owner": "berberman",
        "repo": "nvfetcher",
        "rev": "bdb14eab6fe9cefc29efe01e60c3a3f616d6b62a",
        "type": "github"
      },
      "original": {
        "owner": "berberman",
        "repo": "nvfetcher",
        "type": "github"
      }
    },
    "openxlsx": {
      "flake": false,
      "locked": {
        "lastModified": 1716560554,
        "narHash": "sha256-Aqn1830lG4g7BbwEeePhvGawLarmrIMnF2MXROTUBCw=",
        "owner": "troldal",
        "repo": "OpenXLSX",
        "rev": "f85f7f1bd632094b5d78d4d1f575955fc3801886",
        "type": "github"
      },
      "original": {
        "owner": "troldal",
        "repo": "OpenXLSX",
        "rev": "f85f7f1bd632094b5d78d4d1f575955fc3801886",
        "type": "github"
      }
    },
    "phono3py": {
      "flake": false,
      "locked": {
        "lastModified": 1747737021,
        "narHash": "sha256-toU/J4Wx+kchFYf60Ewj9jU6zskGi/a6QSBtU/wJI30=",
        "owner": "phonopy",
        "repo": "phono3py",
        "rev": "d86b3ed24dbdbd8e2a33b5ba06a4deff0933960a",
        "type": "github"
      },
      "original": {
        "owner": "phonopy",
        "repo": "phono3py",
        "type": "github"
      }
    },
    "plasma-manager": {
      "inputs": {
        "home-manager": [
          "home-manager"
        ],
        "nixpkgs": [
          "nixpkgs"
        ]
      },
      "locked": {
        "lastModified": 1742765550,
        "narHash": "sha256-2vVIh2JrL6GAGfgCeY9e6iNKrBjs0Hw3bGQEAbwVs68=",
        "owner": "pjones",
        "repo": "plasma-manager",
        "rev": "b70be387276e632fe51232887f9e04e2b6ef8c16",
        "type": "github"
      },
      "original": {
        "owner": "pjones",
        "repo": "plasma-manager",
        "type": "github"
      }
    },
    "pocketfft": {
      "flake": false,
      "locked": {
        "lastModified": 1732968445,
        "narHash": "sha256-Fu786IHiU6Bl66gZ/UJmqOROjlya3viLyzOxwdZVi9c=",
        "owner": "mreineck",
        "repo": "pocketfft",
        "rev": "0fa0ef591e38c2758e3184c6c23e497b9f732ffa",
        "type": "github"
      },
      "original": {
        "owner": "mreineck",
        "repo": "pocketfft",
        "type": "github"
      }
    },
    "pre-commit-hooks-nix": {
      "inputs": {
        "flake-compat": "flake-compat_4",
        "gitignore": "gitignore",
        "nixpkgs": [
          "nur-xddxdd",
          "nixpkgs"
        ]
      },
      "locked": {
        "lastModified": 1747372754,
        "narHash": "sha256-2Y53NGIX2vxfie1rOW0Qb86vjRZ7ngizoo+bnXU9D9k=",
        "owner": "cachix",
        "repo": "pre-commit-hooks.nix",
        "rev": "80479b6ec16fefd9c1db3ea13aeb038c60530f46",
        "type": "github"
      },
      "original": {
        "owner": "cachix",
        "repo": "pre-commit-hooks.nix",
        "type": "github"
      }
    },
    "py4vasp": {
      "flake": false,
      "locked": {
        "lastModified": 1748018340,
        "narHash": "sha256-HBZ3OgM4sXAXhd7w0GgExLWEMGForhblLtDrtN7oJ18=",
        "owner": "vasp-dev",
        "repo": "py4vasp",
        "rev": "d40fa62ccc8a35ca94aa8ce0c4ab91d3cfd94b8b",
        "type": "github"
      },
      "original": {
        "owner": "vasp-dev",
        "repo": "py4vasp",
        "type": "github"
      }
    },
    "root": {
      "inputs": {
        "aagl": "aagl",
        "blog": "blog",
        "bscpkgs": "bscpkgs",
        "buildproxy": "buildproxy",
        "catppuccin": "catppuccin",
        "concurrencpp": "concurrencpp",
        "cppcoro": "cppcoro",
        "date": "date",
        "fancy-motd": "fancy-motd",
        "hextra": "hextra",
        "home-manager": "home-manager",
        "impermanence": "impermanence",
        "jovian": "jovian",
        "lepton": "lepton",
        "mac-style": "mac-style",
        "matplotplusplus": "matplotplusplus",
        "misskey": "misskey",
        "mumax": "mumax",
        "nameof": "nameof",
        "nc4nix": "nc4nix",
        "niri": "niri",
        "nix-flatpak": "nix-flatpak",
        "nix-index-database": "nix-index-database",
        "nix-vscode-extensions": "nix-vscode-extensions",
        "nixos-wallpaper": "nixos-wallpaper",
        "nixpkgs": "nixpkgs_2",
        "nixpkgs-2305": "nixpkgs-2305",
        "nixpkgs-2311": "nixpkgs-2311",
        "nixpkgs-2411": "nixpkgs-2411",
        "nixpkgs-unstable": "nixpkgs-unstable",
        "nixvirt": "nixvirt",
        "nu-scripts": "nu-scripts",
        "nur-linyinfeng": "nur-linyinfeng",
        "nur-xddxdd": "nur-xddxdd",
        "openxlsx": "openxlsx",
        "phono3py": "phono3py",
        "plasma-manager": "plasma-manager",
        "pocketfft": "pocketfft",
        "py4vasp": "py4vasp",
        "rsshub": "rsshub",
        "rycee": "rycee",
        "sops-nix": "sops-nix",
        "speedtest": "speedtest",
        "sqlite-orm": "sqlite-orm",
        "sticker": "sticker",
        "stickerpicker": "stickerpicker",
        "tgbot-cpp": "tgbot-cpp",
        "ufo": "ufo",
        "v-sim": "v-sim",
        "vaspberry": "vaspberry",
        "winapps": "winapps",
        "zpp-bits": "zpp-bits"
      }
    },
    "rsshub": {
      "flake": false,
      "locked": {
        "lastModified": 1748095258,
        "narHash": "sha256-IpfQnzSTs+gkwfRpN1633mUC3aS7ZOiPQeQGjzt+xzU=",
        "owner": "DIYgod",
        "repo": "RSSHub",
        "rev": "3f18e140d9536a411187aa674f905aba0d2a3ab6",
        "type": "github"
      },
      "original": {
        "owner": "DIYgod",
        "repo": "RSSHub",
        "type": "github"
      }
    },
    "rycee": {
      "flake": false,
      "locked": {
        "lastModified": 1748059406,
        "narHash": "sha256-KNdeXPT2n4nHKh+kExX7xIXHO//iFot2GdiDFl+Ag4Q=",
        "owner": "rycee",
        "repo": "nur-expressions",
        "rev": "c6734fa6a82294b57927748b94a98b108e1daab7",
        "type": "gitlab"
      },
      "original": {
        "owner": "rycee",
        "repo": "nur-expressions",
        "type": "gitlab"
      }
    },
    "sops-nix": {
      "inputs": {
        "nixpkgs": [
          "nixpkgs"
        ]
      },
      "locked": {
        "lastModified": 1747603214,
        "narHash": "sha256-lAblXm0VwifYCJ/ILPXJwlz0qNY07DDYdLD+9H+Wc8o=",
        "owner": "Mic92",
        "repo": "sops-nix",
        "rev": "8d215e1c981be3aa37e47aeabd4e61bb069548fd",
        "type": "github"
      },
      "original": {
        "owner": "Mic92",
        "repo": "sops-nix",
        "type": "github"
      }
    },
    "speedtest": {
      "flake": false,
      "locked": {
        "lastModified": 1739473165,
        "narHash": "sha256-QimemnDZXlL5Ip+RFD0uxO21Aaol3kCw6Mf/0E3jHQc=",
        "owner": "librespeed",
        "repo": "speedtest",
        "rev": "a1c43977ad9bf73f09f81e8df3c22ea914ab9131",
        "type": "github"
      },
      "original": {
        "owner": "librespeed",
        "repo": "speedtest",
        "type": "github"
      }
    },
    "sqlite-orm": {
      "flake": false,
      "locked": {
        "lastModified": 1738650632,
        "narHash": "sha256-tlmUYHH0V4qsKSTdrg/OrS9eOEseIDAIU/HN8YK36go=",
        "owner": "fnc12",
        "repo": "sqlite_orm",
        "rev": "69917bd09a84970881d755828d60d8edf79728c6",
        "type": "github"
      },
      "original": {
        "owner": "fnc12",
        "repo": "sqlite_orm",
        "type": "github"
      }
    },
    "sticker": {
      "flake": false,
      "locked": {
        "lastModified": 1748842256,
        "lfs": true,
        "narHash": "sha256-os0NWrft+N/HFy/+WRWup4fOHZLSLHANejih7qdXPxA=",
        "ref": "refs/heads/main",
        "rev": "2826c739c5602c5998afdcb3d041d521a214429a",
        "revCount": 1,
        "type": "git",
        "url": "https://git.chn.moe/chn/sticker.git"
      },
      "original": {
        "lfs": true,
        "type": "git",
        "url": "https://git.chn.moe/chn/sticker.git"
      }
    },
    "stickerpicker": {
      "flake": false,
      "locked": {
        "lastModified": 1742926008,
        "narHash": "sha256-PQ6Qv7VSumLa05Mrnylh1i8maWAHptd4vKwdElE4Tns=",
        "owner": "maunium",
        "repo": "stickerpicker",
        "rev": "4b96d236212b1212976f4c3c60479e7aaed866cb",
        "type": "github"
      },
      "original": {
        "owner": "maunium",
        "repo": "stickerpicker",
        "type": "github"
      }
    },
    "systems": {
      "locked": {
        "lastModified": 1681028828,
        "narHash": "sha256-Vy1rq5AaRuLzOxct8nz4T6wlgyUR7zLU309k9mBC768=",
        "owner": "nix-systems",
        "repo": "default",
        "rev": "da67096a3b9bf56a91d16901293e51ba5b49a27e",
        "type": "github"
      },
      "original": {
        "owner": "nix-systems",
        "repo": "default",
        "type": "github"
      }
    },
    "systems_2": {
      "locked": {
        "lastModified": 1681028828,
        "narHash": "sha256-Vy1rq5AaRuLzOxct8nz4T6wlgyUR7zLU309k9mBC768=",
        "owner": "nix-systems",
        "repo": "default",
        "rev": "da67096a3b9bf56a91d16901293e51ba5b49a27e",
        "type": "github"
      },
      "original": {
        "owner": "nix-systems",
        "repo": "default",
        "type": "github"
      }
    },
    "systems_3": {
      "locked": {
        "lastModified": 1681028828,
        "narHash": "sha256-Vy1rq5AaRuLzOxct8nz4T6wlgyUR7zLU309k9mBC768=",
        "owner": "nix-systems",
        "repo": "default",
        "rev": "da67096a3b9bf56a91d16901293e51ba5b49a27e",
        "type": "github"
      },
      "original": {
        "owner": "nix-systems",
        "repo": "default",
        "type": "github"
      }
    },
    "systems_4": {
      "locked": {
        "lastModified": 1681028828,
        "narHash": "sha256-Vy1rq5AaRuLzOxct8nz4T6wlgyUR7zLU309k9mBC768=",
        "owner": "nix-systems",
        "repo": "default",
        "rev": "da67096a3b9bf56a91d16901293e51ba5b49a27e",
        "type": "github"
      },
      "original": {
        "owner": "nix-systems",
        "repo": "default",
        "type": "github"
      }
    },
    "tgbot-cpp": {
      "flake": false,
      "locked": {
        "lastModified": 1738523432,
        "narHash": "sha256-gCG9FTgGcsZVbYSl/LeNbOpfniO46x1bVymylwbFxK4=",
        "owner": "reo7sp",
        "repo": "tgbot-cpp",
        "rev": "1b10d2fb99252027ae65fe782308a27a01adbc19",
        "type": "github"
      },
      "original": {
        "owner": "reo7sp",
        "repo": "tgbot-cpp",
        "type": "github"
      }
    },
    "treefmt-nix": {
      "inputs": {
        "nixpkgs": [
          "nur-linyinfeng",
          "nixpkgs"
        ]
      },
      "locked": {
        "lastModified": 1750931469,
        "narHash": "sha256-0IEdQB1nS+uViQw4k3VGUXntjkDp7aAlqcxdewb/hAc=",
        "owner": "numtide",
        "repo": "treefmt-nix",
        "rev": "ac8e6f32e11e9c7f153823abc3ab007f2a65d3e1",
        "type": "github"
      },
      "original": {
        "owner": "numtide",
        "repo": "treefmt-nix",
        "type": "github"
      }
    },
    "treefmt-nix_2": {
      "inputs": {
        "nixpkgs": [
          "nur-xddxdd",
          "nixpkgs"
        ]
      },
      "locked": {
        "lastModified": 1747912973,
        "narHash": "sha256-XgxghfND8TDypxsMTPU2GQdtBEsHTEc3qWE6RVEk8O0=",
        "owner": "numtide",
        "repo": "treefmt-nix",
        "rev": "020cb423808365fa3f10ff4cb8c0a25df35065a3",
        "type": "github"
      },
      "original": {
        "owner": "numtide",
        "repo": "treefmt-nix",
        "type": "github"
      }
    },
    "ufo": {
      "flake": false,
      "locked": {
        "lastModified": 1743502543,
        "lfs": true,
        "narHash": "sha256-8ltPlFW1IRECUE2iaS5S5lLqKSDcF/k4RNH6NuAAPig=",
        "ref": "refs/heads/main",
        "rev": "745353d0896b31bb239abf6dd909dec29bfc866a",
        "revCount": 79,
        "type": "git",
        "url": "https://git.chn.moe/chn/ufo.git"
      },
      "original": {
        "lfs": true,
        "type": "git",
        "url": "https://git.chn.moe/chn/ufo.git"
      }
    },
    "v-sim": {
      "flake": false,
      "locked": {
        "lastModified": 1594997908,
        "narHash": "sha256-+iuu2kuVQEt2CTjo4g/5jnk2ZAllspxujnFuyp7CAMw=",
        "owner": "l_sim",
        "repo": "v_sim",
        "rev": "b76501454b489715495a255347d5c7f756e1207f",
        "type": "gitlab"
      },
      "original": {
        "owner": "l_sim",
        "ref": "master",
        "repo": "v_sim",
        "type": "gitlab"
      }
    },
    "vaspberry": {
      "flake": false,
      "locked": {
        "lastModified": 1724474006,
        "narHash": "sha256-3cmidQRusbEdEog6e6Qe0IKBRpscrX2ghU/HApaNcys=",
        "owner": "Infant83",
        "repo": "VASPBERRY",
        "rev": "3b5efc9ed6b748b1149278748024ffeb140ecfdb",
        "type": "github"
      },
      "original": {
        "owner": "Infant83",
        "repo": "VASPBERRY",
        "type": "github"
      }
    },
    "winapps": {
      "inputs": {
        "flake-compat": "flake-compat_5",
        "flake-utils": "flake-utils_4",
        "nixpkgs": [
          "nixpkgs"
        ]
      },
      "locked": {
        "lastModified": 1730460191,
        "narHash": "sha256-CWaNjs2kOpmsR8ieVwqcd7EAz5Kd3y8I5huZyYgGqlA=",
        "owner": "winapps-org",
        "repo": "winapps",
        "rev": "b18efc4497c0994182bbe482808583c11cc51a2e",
        "type": "github"
      },
      "original": {
        "owner": "winapps-org",
        "ref": "feat-nix-packaging",
        "repo": "winapps",
        "type": "github"
      }
    },
    "xwayland-satellite-stable": {
      "flake": false,
      "locked": {
        "lastModified": 1748488455,
        "narHash": "sha256-IiLr1alzKFIy5tGGpDlabQbe6LV1c9ABvkH6T5WmyRI=",
        "owner": "Supreeeme",
        "repo": "xwayland-satellite",
        "rev": "3ba30b149f9eb2bbf42cf4758d2158ca8cceef73",
        "type": "github"
      },
      "original": {
        "owner": "Supreeeme",
        "ref": "v0.6",
        "repo": "xwayland-satellite",
        "type": "github"
      }
    },
    "xwayland-satellite-unstable": {
      "flake": false,
      "locked": {
        "lastModified": 1752338000,
        "narHash": "sha256-Fxlp/yKtynug0jyuauAmvZU2SzHCfwlwWf85j+IvQ0U=",
        "owner": "Supreeeme",
        "repo": "xwayland-satellite",
        "rev": "ba78881a68182ce338041846164cbfed0d70935c",
        "type": "github"
      },
      "original": {
        "owner": "Supreeeme",
        "repo": "xwayland-satellite",
        "type": "github"
      }
    },
    "zpp-bits": {
      "flake": false,
      "locked": {
        "lastModified": 1744820414,
        "narHash": "sha256-h6HppkoSrwzfcEQsVlrzMGLQ2Sib/U/VUlyDYK5VAM8=",
        "owner": "eyalz800",
        "repo": "zpp_bits",
        "rev": "26c5db44578fd4fb1c8c4688cdebce8ac766f12d",
        "type": "github"
      },
      "original": {
        "owner": "eyalz800",
        "repo": "zpp_bits",
        "type": "github"
      }
    }
  },
  "root": "root",
  "version": 7
}
